
Microsoft Visual Studio Solution File, Format Version 12.00
# Visual Studio 15
Project("{FAE04EC0-301F-11D3-BF4B-00C04F79EFBC}") = "ProcessCoach", "ProcessCoach\ProcessCoach.csproj", "{5F801E1A-DAEF-46B8-A683-6FB769CDDB8C}"
EndProject
Project("{FAE04EC0-301F-11D3-BF4B-00C04F79EFBC}") = "ProcessCoach.Tests", "ProcessCoach.Tests\ProcessCoach.Tests.csproj", "{E477FDA2-E420-4880-84A2-6A407C275C8C}"
EndProject
Global
	GlobalSection(SolutionConfigurationPlatforms) = preSolution
		Debug|Any CPU = Debug|Any CPU
		Release|Any CPU = Release|Any CPU
	EndGlobalSection
	GlobalSection(ProjectConfigurationPlatforms) = postSolution
		{5F801E1A-DAEF-46B8-A683-6FB769CDDB8C}.Debug|Any CPU.ActiveCfg = Debug|Any CPU
		{5F801E1A-DAEF-46B8-A683-6FB769CDDB8C}.Debug|Any CPU.Build.0 = Debug|Any CPU
		{5F801E1A-DAEF-46B8-A683-6FB769CDDB8C}.Release|Any CPU.ActiveCfg = Release|Any CPU
		{5F801E1A-DAEF-46B8-A683-6FB769CDDB8C}.Release|Any CPU.Build.0 = Release|Any CPU
		{E477FDA2-E420-4880-84A2-6A407C275C8C}.Debug|Any CPU.ActiveCfg = Debug|Any CPU
		{E477FDA2-E420-4880-84A2-6A407C275C8C}.Debug|Any CPU.Build.0 = Debug|Any CPU
		{E477FDA2-E420-4880-84A2-6A407C275C8C}.Release|Any CPU.ActiveCfg = Release|Any CPU
		{E477FDA2-E420-4880-84A2-6A407C275C8C}.Release|Any CPU.Build.0 = Release|Any CPU
	EndGlobalSection
EndGlobal
